
Microsoft Visual Studio Solution File, Format Version 12.00
Project("{FAE04EC0-301F-11D3-BF4B-00C04F79EFBC}") = "GameLoop", "GameLoop\GameLoop.csproj", "{CE2889C3-BECC-45DD-BA5C-6BB7A1D133FD}"
EndProject
Project("{FAE04EC0-301F-11D3-BF4B-00C04F79EFBC}") = "ContentLibrary", "ContentLibrary\ContentLibrary.csproj", "{CA3F9EAC-0AD1-4CD2-AEAC-96378CC22C8D}"
EndProject
Project("{FAE04EC0-301F-11D3-BF4B-00C04F79EFBC}") = "Characters", "Characters\Characters.csproj", "{E0AD572B-013E-4DE6-8188-536EB407FE00}"
EndProject
Project("{FAE04EC0-301F-11D3-BF4B-00C04F79EFBC}") = "Tests", "Tests\Tests.csproj", "{050A7898-7A94-46D6-9D88-C0E56938FB12}"
EndProject
Global
	GlobalSection(SolutionConfigurationPlatforms) = preSolution
		Debug|Any CPU = Debug|Any CPU
		Release|Any CPU = Release|Any CPU
	EndGlobalSection
	GlobalSection(ProjectConfigurationPlatforms) = postSolution
		{CE2889C3-BECC-45DD-BA5C-6BB7A1D133FD}.Debug|Any CPU.ActiveCfg = Debug|Any CPU
		{CE2889C3-BECC-45DD-BA5C-6BB7A1D133FD}.Debug|Any CPU.Build.0 = Debug|Any CPU
		{CE2889C3-BECC-45DD-BA5C-6BB7A1D133FD}.Release|Any CPU.ActiveCfg = Release|Any CPU
		{CE2889C3-BECC-45DD-BA5C-6BB7A1D133FD}.Release|Any CPU.Build.0 = Release|Any CPU
		{CA3F9EAC-0AD1-4CD2-AEAC-96378CC22C8D}.Debug|Any CPU.ActiveCfg = Debug|Any CPU
		{CA3F9EAC-0AD1-4CD2-AEAC-96378CC22C8D}.Debug|Any CPU.Build.0 = Debug|Any CPU
		{CA3F9EAC-0AD1-4CD2-AEAC-96378CC22C8D}.Release|Any CPU.ActiveCfg = Release|Any CPU
		{CA3F9EAC-0AD1-4CD2-AEAC-96378CC22C8D}.Release|Any CPU.Build.0 = Release|Any CPU
		{E0AD572B-013E-4DE6-8188-536EB407FE00}.Debug|Any CPU.ActiveCfg = Debug|Any CPU
		{E0AD572B-013E-4DE6-8188-536EB407FE00}.Debug|Any CPU.Build.0 = Debug|Any CPU
		{E0AD572B-013E-4DE6-8188-536EB407FE00}.Release|Any CPU.ActiveCfg = Release|Any CPU
		{E0AD572B-013E-4DE6-8188-536EB407FE00}.Release|Any CPU.Build.0 = Release|Any CPU
		{050A7898-7A94-46D6-9D88-C0E56938FB12}.Debug|Any CPU.ActiveCfg = Debug|Any CPU
		{050A7898-7A94-46D6-9D88-C0E56938FB12}.Debug|Any CPU.Build.0 = Debug|Any CPU
		{050A7898-7A94-46D6-9D88-C0E56938FB12}.Release|Any CPU.ActiveCfg = Release|Any CPU
		{050A7898-7A94-46D6-9D88-C0E56938FB12}.Release|Any CPU.Build.0 = Release|Any CPU
	EndGlobalSection
EndGlobal
